// !$*UTF8*$!
{
	archiveVersion = 1;
	classes = {
	};
	objectVersion = 48;
	objects = {
/* Begin PBXBuildFile section */
		C181F79E20F3B9660009969C /* AppDelegate.swift in Sources */ = {isa = PBXBuildFile; fileRef = C181F79D20F3B9660009969C /* AppDelegate.swift */; };
		C181F7A020F3B9660009969C /* ViewController2.swift in Sources */ = {isa = PBXBuildFile; fileRef = C181F79F20F3B9660009969C /* ViewController2.swift */; };
		C181F7A320F3B9660009969C /* Main.storyboard in Resources */ = {isa = PBXBuildFile; fileRef = C181F7A120F3B9660009969C /* Main.storyboard */; };
		C181F7A520F3B9660009969C /* Assets.xcassets in Resources */ = {isa = PBXBuildFile; fileRef = C181F7A420F3B9660009969C /* Assets.xcassets */; };
		C181F7A820F3B9660009969C /* LaunchScreen.storyboard in Resources */ = {isa = PBXBuildFile; fileRef = C181F7A620F3B9660009969C /* LaunchScreen.storyboard */; };
		C181F7B020F3B9950009969C /* MixVIew.swift in Sources */ = {isa = PBXBuildFile; fileRef = C181F7AF20F3B9950009969C /* MixVIew.swift */; };
		C181F7BA20F456400009969C /* ViewController.swift in Sources */ = {isa = PBXBuildFile; fileRef = C181F7B920F456400009969C /* ViewController.swift */; };
/* End PBXBuildFile section */

/* Begin PBXFileReference section */
		C181F79A20F3B9660009969C /* MixAnimationDemo.app */ = {isa = PBXFileReference; explicitFileType = wrapper.application; includeInIndex = 0; path = MixAnimationDemo.app; sourceTree = BUILT_PRODUCTS_DIR; };
		C181F79D20F3B9660009969C /* AppDelegate.swift */ = {isa = PBXFileReference; lastKnownFileType = sourcecode.swift; path = AppDelegate.swift; sourceTree = "<group>"; };
		C181F79F20F3B9660009969C /* ViewController2.swift */ = {isa = PBXFileReference; lastKnownFileType = sourcecode.swift; path = ViewController2.swift; sourceTree = "<group>"; };
		C181F7A220F3B9660009969C /* Base */ = {isa = PBXFileReference; lastKnownFileType = file.storyboard; name = Base; path = Base.lproj/Main.storyboard; sourceTree = "<group>"; };
		C181F7A420F3B9660009969C /* Assets.xcassets */ = {isa = PBXFileReference; lastKnownFileType = folder.assetcatalog; path = Assets.xcassets; sourceTree = "<group>"; };
		C181F7A720F3B9660009969C /* Base */ = {isa = PBXFileReference; lastKnownFileType = file.storyboard; name = Base; path = Base.lproj/LaunchScreen.storyboard; sourceTree = "<group>"; };
		C181F7A920F3B9660009969C /* Info.plist */ = {isa = PBXFileReference; lastKnownFileType = text.plist.xml; path = Info.plist; sourceTree = "<group>"; };
		C181F7AF20F3B9950009969C /* MixVIew.swift */ = {isa = PBXFileReference; lastKnownFileType = sourcecode.swift; path = MixVIew.swift; sourceTree = "<group>"; };
		C181F7B920F456400009969C /* ViewController.swift */ = {isa = PBXFileReference; lastKnownFileType = sourcecode.swift; path = ViewController.swift; sourceTree = "<group>"; };
/* End PBXFileReference section */

/* Begin PBXFrameworksBuildPhase section */
		C181F79720F3B9660009969C /* Frameworks */ = {
			isa = PBXFrameworksBuildPhase;
			buildActionMask = 2147483647;
			files = (
			);
			runOnlyForDeploymentPostprocessing = 0;
		};
/* End PBXFrameworksBuildPhase section */

/* Begin PBXGroup section */
		C181F79120F3B9660009969C = {
			isa = PBXGroup;
			children = (
				C181F79C20F3B9660009969C /* MixAnimationDemo */,
				C181F79B20F3B9660009969C /* Products */,
			);
			sourceTree = "<group>";
		};
		C181F79B20F3B9660009969C /* Products */ = {
			isa = PBXGroup;
			children = (
				C181F79A20F3B9660009969C /* MixAnimationDemo.app */,
			);
			name = Products;
			sourceTree = "<group>";
		};
		C181F79C20F3B9660009969C /* MixAnimationDemo */ = {
			isa = PBXGroup;
			children = (
				C181F79D20F3B9660009969C /* AppDelegate.swift */,
				C181F7B920F456400009969C /* ViewController.swift */,
				C181F79F20F3B9660009969C /* ViewController2.swift */,
				C181F7A120F3B9660009969C /* Main.storyboard */,
				C181F7AF20F3B9950009969C /* MixVIew.swift */,
				C181F7A420F3B9660009969C /* Assets.xcassets */,
				C181F7A620F3B9660009969C /* LaunchScreen.storyboard */,
				C181F7A920F3B9660009969C /* Info.plist */,
			);
			path = MixAnimationDemo;
			sourceTree = "<group>";
		};
/* End PBXGroup section */

/* Begin PBXNativeTarget section */
		C181F79920F3B9660009969C /* MixAnimationDemo */ = {
			isa = PBXNativeTarget;
			buildConfigurationList = C181F7AC20F3B9660009969C /* Build configuration list for PBXNativeTarget "MixAnimationDemo" */;
			buildPhases = (
				C181F79620F3B9660009969C /* Sources */,
				C181F79720F3B9660009969C /* Frameworks */,
				C181F79820F3B9660009969C /* Resources */,
			);
			buildRules = (
			);
			dependencies = (
			);
			name = MixAnimationDemo;
			productName = MixAnimationDemo;
			productReference = C181F79A20F3B9660009969C /* MixAnimationDemo.app */;
			productType = "com.apple.product-type.application";
		};
/* End PBXNativeTarget section */

/* Begin PBXProject section */
		C181F79220F3B9660009969C /* Project object */ = {
			isa = PBXProject;
			attributes = {
				LastSwiftUpdateCheck = 0920;
				LastUpgradeCheck = 0920;
				ORGANIZATIONNAME = natai;
				TargetAttributes = {
					C181F79920F3B9660009969C = {
						CreatedOnToolsVersion = 9.2;
						ProvisioningStyle = Automatic;
					};
				};
			};
			buildConfigurationList = C181F79520F3B9660009969C /* Build configuration list for PBXProject "MixAnimationDemo" */;
			compatibilityVersion = "Xcode 8.0";
			developmentRegion = en;
			hasScannedForEncodings = 0;
			knownRegions = (
				en,
				Base,
			);
			mainGroup = C181F79120F3B9660009969C;
			productRefGroup = C181F79B20F3B9660009969C /* Products */;
			projectDirPath = "";
			projectRoot = "";
			targets = (
				C181F79920F3B9660009969C /* MixAnimationDemo */,
			);
		};
/* End PBXProject section */

/* Begin PBXResourcesBuildPhase section */
		C181F79820F3B9660009969C /* Resources */ = {
			isa = PBXResourcesBuildPhase;
			buildActionMask = 2147483647;
			files = (
				C181F7A820F3B9660009969C /* LaunchScreen.storyboard in Resources */,
				C181F7A520F3B9660009969C /* Assets.xcassets in Resources */,
				C181F7A320F3B9660009969C /* Main.storyboard in Resources */,
			);
			runOnlyForDeploymentPostprocessing = 0;
		};
/* End PBXResourcesBuildPhase section */

/* Begin PBXSourcesBuildPhase section */
		C181F79620F3B9660009969C /* Sources */ = {
			isa = PBXSourcesBuildPhase;
			buildActionMask = 2147483647;
			files = (
				C181F7A020F3B9660009969C /* ViewController2.swift in Sources */,
				C181F7BA20F456400009969C /* ViewController.swift in Sources */,
				C181F79E20F3B9660009969C /* AppDelegate.swift in Sources */,
				C181F7B020F3B9950009969C /* MixVIew.swift in Sources */,
			);
			runOnlyForDeploymentPostprocessing = 0;
		};
/* End PBXSourcesBuildPhase section */

/* Begin PBXVariantGroup section */
		C181F7A120F3B9660009969C /* Main.storyboard */ = {
			isa = PBXVariantGroup;
			children = (
				C181F7A220F3B9660009969C /* Base */,
			);
			name = Main.storyboard;
			sourceTree = "<group>";
		};
		C181F7A620F3B9660009969C /* LaunchScreen.storyboard */ = {
			isa = PBXVariantGroup;
			children = (
				C181F7A720F3B9660009969C /* Base */,
			);
			name = LaunchScreen.storyboard;
			sourceTree = "<group>";
		};
/* End PBXVariantGroup section */

/* Begin XCBuildConfiguration section */
		C181F7AA20F3B9660009969C /* Debug */ = {
			isa = XCBuildConfiguration;
			buildSettings = {
				ALWAYS_SEARCH_USER_PATHS = NO;
				CLANG_ANALYZER_NONNULL = YES;
				CLANG_ANALYZER_NUMBER_OBJECT_CONVERSION = YES_AGGRESSIVE;
				CLANG_CXX_LANGUAGE_STANDARD = "gnu++14";
				CLANG_CXX_LIBRARY = "libc++";
				CLANG_ENABLE_MODULES = YES;
				CLANG_ENABLE_OBJC_ARC = YES;
				CLANG_WARN_BLOCK_CAPTURE_AUTORELEASING = YES;
				CLANG_WARN_BOOL_CONVERSION = YES;
				CLANG_WARN_COMMA = YES;
				CLANG_WARN_CONSTANT_CONVERSION = YES;
				CLANG_WARN_DIRECT_OBJC_ISA_USAGE = YES_ERROR;
				CLANG_WARN_DOCUMENTATION_COMMENTS = YES;
				CLANG_WARN_EMPTY_BODY = YES;
				CLANG_WARN_ENUM_CONVERSION = YES;
				CLANG_WARN_INFINITE_RECURSION = YES;
				CLANG_WARN_INT_CONVERSION = YES;
				CLANG_WARN_NON_LITERAL_NULL_CONVERSION = YES;
				CLANG_WARN_OBJC_LITERAL_CONVERSION = YES;
				CLANG_WARN_OBJC_ROOT_CLASS = YES_ERROR;
				CLANG_WARN_RANGE_LOOP_ANALYSIS = YES;
				CLANG_WARN_STRICT_PROTOTYPES = YES;
				CLANG_WARN_SUSPICIOUS_MOVE = YES;
				CLANG_WARN_UNGUARDED_AVAILABILITY = YES_AGGRESSIVE;
				CLANG_WARN_UNREACHABLE_CODE = YES;
				CLANG_WARN__DUPLICATE_METHOD_MATCH = YES;
				CODE_SIGN_IDENTITY = "iPhone Developer";
				COPY_PHASE_STRIP = NO;
				DEBUG_INFORMATION_FORMAT = dwarf;
				ENABLE_STRICT_OBJC_MSGSEND = YES;
				ENABLE_TESTABILITY = YES;
				GCC_C_LANGUAGE_STANDARD = gnu11;
				GCC_DYNAMIC_NO_PIC = NO;
				GCC_NO_COMMON_BLOCKS = YES;
				GCC_OPTIMIZATION_LEVEL = 0;
				GCC_PREPROCESSOR_DEFINITIONS = (
					"DEBUG=1",
					"$(inherited)",
				);
				GCC_WARN_64_TO_32_BIT_CONVERSION = YES;
				GCC_WARN_ABOUT_RETURN_TYPE = YES_ERROR;
				GCC_WARN_UNDECLARED_SELECTOR = YES;
				GCC_WARN_UNINITIALIZED_AUTOS = YES_AGGRESSIVE;
				GCC_WARN_UNUSED_FUNCTION = YES;
				GCC_WARN_UNUSED_VARIABLE = YES;
				IPHONEOS_DEPLOYMENT_TARGET = 11.2;
				MTL_ENABLE_DEBUG_INFO = YES;
				ONLY_ACTIVE_ARCH = YES;
				SDKROOT = iphoneos;
				SWIFT_ACTIVE_COMPILATION_CONDITIONS = DEBUG;
				SWIFT_OPTIMIZATION_LEVEL = "-Onone";
			};
			name = Debug;
		};
		C181F7AB20F3B9660009969C /* Release */ = {
			isa = XCBuildConfiguration;
			buildSettings = {
				ALWAYS_SEARCH_USER_PATHS = NO;
				CLANG_ANALYZER_NONNULL = YES;
				CLANG_ANALYZER_NUMBER_OBJECT_CONVERSION = YES_AGGRESSIVE;
				CLANG_CXX_LANGUAGE_STANDARD = "gnu++14";
				CLANG_CXX_LIBRARY = "libc++";
				CLANG_ENABLE_MODULES = YES;
				CLANG_ENABLE_OBJC_ARC = YES;
				CLANG_WARN_BLOCK_CAPTURE_AUTORELEASING = YES;
				CLANG_WARN_BOOL_CONVERSION = YES;
				CLANG_WARN_COMMA = YES;
				CLANG_WARN_CONSTANT_CONVERSION = YES;
				CLANG_WARN_DIRECT_OBJC_ISA_USAGE = YES_ERROR;
				CLANG_WARN_DOCUMENTATION_COMMENTS = YES;
				CLANG_WARN_EMPTY_BODY = YES;
				CLANG_WARN_ENUM_CONVERSION = YES;
				CLANG_WARN_INFINITE_RECURSION = YES;
				CLANG_WARN_INT_CONVERSION = YES;
				CLANG_WARN_NON_LITERAL_NULL_CONVERSION = YES;
				CLANG_WARN_OBJC_LITERAL_CONVERSION = YES;
				CLANG_WARN_OBJC_ROOT_CLASS = YES_ERROR;
				CLANG_WARN_RANGE_LOOP_ANALYSIS = YES;
				CLANG_WARN_STRICT_PROTOTYPES = YES;
				CLANG_WARN_SUSPICIOUS_MOVE = YES;
				CLANG_WARN_UNGUARDED_AVAILABILITY = YES_AGGRESSIVE;
				CLANG_WARN_UNREACHABLE_CODE = YES;
				CLANG_WARN__DUPLICATE_METHOD_MATCH = YES;
				CODE_SIGN_IDENTITY = "iPhone Developer";
				COPY_PHASE_STRIP = NO;
				DEBUG_INFORMATION_FORMAT = "dwarf-with-dsym";
				ENABLE_NS_ASSERTIONS = NO;
				ENABLE_STRICT_OBJC_MSGSEND = YES;
				GCC_C_LANGUAGE_STANDARD = gnu11;
				GCC_NO_COMMON_BLOCKS = YES;
				GCC_WARN_64_TO_32_BIT_CONVERSION = YES;
				GCC_WARN_ABOUT_RETURN_TYPE = YES_ERROR;
				GCC_WARN_UNDECLARED_SELECTOR = YES;
				GCC_WARN_UNINITIALIZED_AUTOS = YES_AGGRESSIVE;
				GCC_WARN_UNUSED_FUNCTION = YES;
				GCC_WARN_UNUSED_VARIABLE = YES;
				IPHONEOS_DEPLOYMENT_TARGET = 11.2;
				MTL_ENABLE_DEBUG_INFO = NO;
				SDKROOT = iphoneos;
				SWIFT_OPTIMIZATION_LEVEL = "-Owholemodule";
				VALIDATE_PRODUCT = YES;
			};
			name = Release;
		};
		C181F7AD20F3B9660009969C /* Debug */ = {
			isa = XCBuildConfiguration;
			buildSettings = {
				ASSETCATALOG_COMPILER_APPICON_NAME = AppIcon;
				CODE_SIGN_STYLE = Automatic;
				INFOPLIST_FILE = MixAnimationDemo/Info.plist;
				LD_RUNPATH_SEARCH_PATHS = "$(inherited) @executable_path/Frameworks";
				PRODUCT_BUNDLE_IDENTIFIER = com.natai.MixAnimationDemo;
				PRODUCT_NAME = "$(TARGET_NAME)";
				SWIFT_VERSION = 4.0;
				TARGETED_DEVICE_FAMILY = "1,2";
			};
			name = Debug;
		};
		C181F7AE20F3B9660009969C /* Release */ = {
			isa = XCBuildConfiguration;
			buildSettings = {
				ASSETCATALOG_COMPILER_APPICON_NAME = AppIcon;
				CODE_SIGN_STYLE = Automatic;
				INFOPLIST_FILE = MixAnimationDemo/Info.plist;
				LD_RUNPATH_SEARCH_PATHS = "$(inherited) @executable_path/Frameworks";
				PRODUCT_BUNDLE_IDENTIFIER = com.natai.MixAnimationDemo;
				PRODUCT_NAME = "$(TARGET_NAME)";
				SWIFT_VERSION = 4.0;
				TARGETED_DEVICE_FAMILY = "1,2";
			};
			name = Release;
		};
/* End XCBuildConfiguration section */

/* Begin XCConfigurationList section */
		C181F79520F3B9660009969C /* Build configuration list for PBXProject "MixAnimationDemo" */ = {
			isa = XCConfigurationList;
			buildConfigurations = (
				C181F7AA20F3B9660009969C /* Debug */,
				C181F7AB20F3B9660009969C /* Release */,
			);
			defaultConfigurationIsVisible = 0;
			defaultConfigurationName = Release;
		};
		C181F7AC20F3B9660009969C /* Build configuration list for PBXNativeTarget "MixAnimationDemo" */ = {
			isa = XCConfigurationList;
			buildConfigurations = (
				C181F7AD20F3B9660009969C /* Debug */,
				C181F7AE20F3B9660009969C /* Release */,
			);
			defaultConfigurationIsVisible = 0;
			defaultConfigurationName = Release;
		};
/* End XCConfigurationList section */
	};
	rootObject = C181F79220F3B9660009969C /* Project object */;
}
